
Microsoft Visual Studio Solution File, Format Version 12.00
# Visual Studio Version 16
VisualStudioVersion = 16.0.30523.141
MinimumVisualStudioVersion = 10.0.40219.1
Project("{888888A0-9F3D-457C-B088-3A5042F75D52}") = "Sound_reading_TensorFlow", "Sound_reading_TensorFlow\Sound_reading_TensorFlow.pyproj", "{CF60253F-71E9-4964-974D-CA1E3A445F4C}"
EndProject
Global
	GlobalSection(SolutionConfigurationPlatforms) = preSolution
		Debug|Any CPU = Debug|Any CPU
		Release|Any CPU = Release|Any CPU
	EndGlobalSection
	GlobalSection(ProjectConfigurationPlatforms) = postSolution
		{CF60253F-71E9-4964-974D-CA1E3A445F4C}.Debug|Any CPU.ActiveCfg = Debug|Any CPU
		{CF60253F-71E9-4964-974D-CA1E3A445F4C}.Release|Any CPU.ActiveCfg = Release|Any CPU
	EndGlobalSection
	GlobalSection(SolutionProperties) = preSolution
		HideSolutionNode = FALSE
	EndGlobalSection
	GlobalSection(ExtensibilityGlobals) = postSolution
		SolutionGuid = {EFFBC708-8BE3-4759-AE2E-11C823E10A82}
	EndGlobalSection
EndGlobal
